
Microsoft Visual Studio Solution File, Format Version 12.00
# Visual Studio 14
VisualStudioVersion = 14.0.25123.0
MinimumVisualStudioVersion = 10.0.40219.1
Project("{FAE04EC0-301F-11D3-BF4B-00C04F79EFBC}") = "CacheStampedeRedis", "CacheStampedeRedis\CacheStampedeRedis.csproj", "{C7C61B77-C817-4F35-8CB8-B99EBDDF6EAA}"
EndProject
Project("{FAE04EC0-301F-11D3-BF4B-00C04F79EFBC}") = "CacheStampedeRedisTests", "CacheStampedeRedisTests\CacheStampedeRedisTests.csproj", "{A8575E57-3F1A-4E75-8635-1AF197CA492B}"
EndProject
Project("{2150E333-8FDC-42A3-9474-1A3956D46DE8}") = "Solution Items", "Solution Items", "{8920FD29-2725-4172-8E29-1AA28CF0A8F4}"
	ProjectSection(SolutionItems) = preProject
		README.md = README.md
	EndProjectSection
EndProject
Global
	GlobalSection(SolutionConfigurationPlatforms) = preSolution
		Debug|Any CPU = Debug|Any CPU
		Release|Any CPU = Release|Any CPU
	EndGlobalSection
	GlobalSection(ProjectConfigurationPlatforms) = postSolution
		{C7C61B77-C817-4F35-8CB8-B99EBDDF6EAA}.Debug|Any CPU.ActiveCfg = Debug|Any CPU
		{C7C61B77-C817-4F35-8CB8-B99EBDDF6EAA}.Debug|Any CPU.Build.0 = Debug|Any CPU
		{C7C61B77-C817-4F35-8CB8-B99EBDDF6EAA}.Release|Any CPU.ActiveCfg = Release|Any CPU
		{C7C61B77-C817-4F35-8CB8-B99EBDDF6EAA}.Release|Any CPU.Build.0 = Release|Any CPU
		{A8575E57-3F1A-4E75-8635-1AF197CA492B}.Debug|Any CPU.ActiveCfg = Debug|Any CPU
		{A8575E57-3F1A-4E75-8635-1AF197CA492B}.Debug|Any CPU.Build.0 = Debug|Any CPU
		{A8575E57-3F1A-4E75-8635-1AF197CA492B}.Release|Any CPU.ActiveCfg = Release|Any CPU
		{A8575E57-3F1A-4E75-8635-1AF197CA492B}.Release|Any CPU.Build.0 = Release|Any CPU
	EndGlobalSection
	GlobalSection(SolutionProperties) = preSolution
		HideSolutionNode = FALSE
	EndGlobalSection
EndGlobal
